
Microsoft Visual Studio Solution File, Format Version 12.00
# Visual Studio Version 16
VisualStudioVersion = 16.0.31105.61
MinimumVisualStudioVersion = 10.0.40219.1
Project("{FAE04EC0-301F-11D3-BF4B-00C04F79EFBC}") = "Planthor_ClientBackEndWebApp", "Planthor_ClientBackEndWebApp.csproj", "{48B71181-D284-4F84-A4F0-9D85BDB86782}"
EndProject
Global
	GlobalSection(SolutionConfigurationPlatforms) = preSolution
		Debug|Any CPU = Debug|Any CPU
		Release|Any CPU = Release|Any CPU
	EndGlobalSection
	GlobalSection(ProjectConfigurationPlatforms) = postSolution
		{48B71181-D284-4F84-A4F0-9D85BDB86782}.Debug|Any CPU.ActiveCfg = Debug|Any CPU
		{48B71181-D284-4F84-A4F0-9D85BDB86782}.Debug|Any CPU.Build.0 = Debug|Any CPU
		{48B71181-D284-4F84-A4F0-9D85BDB86782}.Release|Any CPU.ActiveCfg = Release|Any CPU
		{48B71181-D284-4F84-A4F0-9D85BDB86782}.Release|Any CPU.Build.0 = Release|Any CPU
	EndGlobalSection
	GlobalSection(SolutionProperties) = preSolution
		HideSolutionNode = FALSE
	EndGlobalSection
	GlobalSection(ExtensibilityGlobals) = postSolution
		SolutionGuid = {F0825C9F-AC54-4782-AC51-625BB376042F}
	EndGlobalSection
EndGlobal
